
Microsoft Visual Studio Solution File, Format Version 12.00
# Visual Studio Version 16
VisualStudioVersion = 16.0.31220.234
MinimumVisualStudioVersion = 10.0.40219.1
Project("{FAE04EC0-301F-11D3-BF4B-00C04F79EFBC}") = "DesafioME.Testes", "DesafioME.Testes\DesafioME.Testes.csproj", "{0D613980-8854-4919-9859-514136F59ECE}"
EndProject
Project("{FAE04EC0-301F-11D3-BF4B-00C04F79EFBC}") = "DesafioME.Webapi", "DesafioME.Webapi\DesafioME.Webapi.csproj", "{957F880B-83DC-4CEE-80B2-FDD29DA4E49F}"
EndProject
Global
	GlobalSection(SolutionConfigurationPlatforms) = preSolution
		Debug|Any CPU = Debug|Any CPU
		Release|Any CPU = Release|Any CPU
	EndGlobalSection
	GlobalSection(ProjectConfigurationPlatforms) = postSolution
		{0D613980-8854-4919-9859-514136F59ECE}.Debug|Any CPU.ActiveCfg = Debug|Any CPU
		{0D613980-8854-4919-9859-514136F59ECE}.Debug|Any CPU.Build.0 = Debug|Any CPU
		{0D613980-8854-4919-9859-514136F59ECE}.Release|Any CPU.ActiveCfg = Release|Any CPU
		{0D613980-8854-4919-9859-514136F59ECE}.Release|Any CPU.Build.0 = Release|Any CPU
		{957F880B-83DC-4CEE-80B2-FDD29DA4E49F}.Debug|Any CPU.ActiveCfg = Debug|Any CPU
		{957F880B-83DC-4CEE-80B2-FDD29DA4E49F}.Debug|Any CPU.Build.0 = Debug|Any CPU
		{957F880B-83DC-4CEE-80B2-FDD29DA4E49F}.Release|Any CPU.ActiveCfg = Release|Any CPU
		{957F880B-83DC-4CEE-80B2-FDD29DA4E49F}.Release|Any CPU.Build.0 = Release|Any CPU
	EndGlobalSection
	GlobalSection(SolutionProperties) = preSolution
		HideSolutionNode = FALSE
	EndGlobalSection
	GlobalSection(ExtensibilityGlobals) = postSolution
		SolutionGuid = {832485A8-EF37-40DD-8FD9-F63CD55A976B}
	EndGlobalSection
EndGlobal
